// !$*UTF8*$!
{
	archiveVersion = 1;
	classes = {
	};
	objectVersion = 50;
	objects = {

/* Begin PBXBuildFile section */
		17A3AB2724D51A8400B98F8C /* AppDelegate.swift in Sources */ = {isa = PBXBuildFile; fileRef = 17A3AB2624D51A8400B98F8C /* AppDelegate.swift */; };
		17A3AB2924D51A8400B98F8C /* SceneDelegate.swift in Sources */ = {isa = PBXBuildFile; fileRef = 17A3AB2824D51A8400B98F8C /* SceneDelegate.swift */; };
		17A3AB2E24D51A8400B98F8C /* Main.storyboard in Resources */ = {isa = PBXBuildFile; fileRef = 17A3AB2C24D51A8400B98F8C /* Main.storyboard */; };
		17A3AB3024D51A8500B98F8C /* Assets.xcassets in Resources */ = {isa = PBXBuildFile; fileRef = 17A3AB2F24D51A8500B98F8C /* Assets.xcassets */; };
		17A3AB3324D51A8500B98F8C /* LaunchScreen.storyboard in Resources */ = {isa = PBXBuildFile; fileRef = 17A3AB3124D51A8500B98F8C /* LaunchScreen.storyboard */; };
		17A3AB3B24D51AB500B98F8C /* File.swift in Sources */ = {isa = PBXBuildFile; fileRef = 17A3AB3A24D51AB500B98F8C /* File.swift */; };
		17A3AB4124D52BAD00B98F8C /* menuTable.swift in Sources */ = {isa = PBXBuildFile; fileRef = 17A3AB4024D52BAD00B98F8C /* menuTable.swift */; };
		17A3AB4324D5ABE800B98F8C /* menuDisplay.swift in Sources */ = {isa = PBXBuildFile; fileRef = 17A3AB4224D5ABE800B98F8C /* menuDisplay.swift */; };
/* End PBXBuildFile section */

/* Begin PBXFileReference section */
		17A3AB2324D51A8400B98F8C /* restaurantDataPass.app */ = {isa = PBXFileReference; explicitFileType = wrapper.application; includeInIndex = 0; path = restaurantDataPass.app; sourceTree = BUILT_PRODUCTS_DIR; };
		17A3AB2624D51A8400B98F8C /* AppDelegate.swift */ = {isa = PBXFileReference; lastKnownFileType = sourcecode.swift; path = AppDelegate.swift; sourceTree = "<group>"; };
		17A3AB2824D51A8400B98F8C /* SceneDelegate.swift */ = {isa = PBXFileReference; lastKnownFileType = sourcecode.swift; path = SceneDelegate.swift; sourceTree = "<group>"; };
		17A3AB2D24D51A8400B98F8C /* Base */ = {isa = PBXFileReference; lastKnownFileType = file.storyboard; name = Base; path = Base.lproj/Main.storyboard; sourceTree = "<group>"; };
		17A3AB2F24D51A8500B98F8C /* Assets.xcassets */ = {isa = PBXFileReference; lastKnownFileType = folder.assetcatalog; path = Assets.xcassets; sourceTree = "<group>"; };
		17A3AB3224D51A8500B98F8C /* Base */ = {isa = PBXFileReference; lastKnownFileType = file.storyboard; name = Base; path = Base.lproj/LaunchScreen.storyboard; sourceTree = "<group>"; };
		17A3AB3424D51A8500B98F8C /* Info.plist */ = {isa = PBXFileReference; lastKnownFileType = text.plist.xml; path = Info.plist; sourceTree = "<group>"; };
		17A3AB3A24D51AB500B98F8C /* File.swift */ = {isa = PBXFileReference; lastKnownFileType = sourcecode.swift; path = File.swift; sourceTree = "<group>"; };
		17A3AB4024D52BAD00B98F8C /* menuTable.swift */ = {isa = PBXFileReference; lastKnownFileType = sourcecode.swift; path = menuTable.swift; sourceTree = "<group>"; };
		17A3AB4224D5ABE800B98F8C /* menuDisplay.swift */ = {isa = PBXFileReference; lastKnownFileType = sourcecode.swift; path = menuDisplay.swift; sourceTree = "<group>"; };
/* End PBXFileReference section */

/* Begin PBXFrameworksBuildPhase section */
		17A3AB2024D51A8400B98F8C /* Frameworks */ = {
			isa = PBXFrameworksBuildPhase;
			buildActionMask = 2147483647;
			files = (
			);
			runOnlyForDeploymentPostprocessing = 0;
		};
/* End PBXFrameworksBuildPhase section */

/* Begin PBXGroup section */
		17A3AB1A24D51A8400B98F8C = {
			isa = PBXGroup;
			children = (
				17A3AB4024D52BAD00B98F8C /* menuTable.swift */,
				17A3AB2524D51A8400B98F8C /* restaurantDataPass */,
				17A3AB2424D51A8400B98F8C /* Products */,
			);
			sourceTree = "<group>";
		};
		17A3AB2424D51A8400B98F8C /* Products */ = {
			isa = PBXGroup;
			children = (
				17A3AB2324D51A8400B98F8C /* restaurantDataPass.app */,
			);
			name = Products;
			sourceTree = "<group>";
		};
		17A3AB2524D51A8400B98F8C /* restaurantDataPass */ = {
			isa = PBXGroup;
			children = (
				17A3AB2624D51A8400B98F8C /* AppDelegate.swift */,
				17A3AB2824D51A8400B98F8C /* SceneDelegate.swift */,
				17A3AB2C24D51A8400B98F8C /* Main.storyboard */,
				17A3AB4224D5ABE800B98F8C /* menuDisplay.swift */,
				17A3AB3A24D51AB500B98F8C /* File.swift */,
				17A3AB2F24D51A8500B98F8C /* Assets.xcassets */,
				17A3AB3124D51A8500B98F8C /* LaunchScreen.storyboard */,
				17A3AB3424D51A8500B98F8C /* Info.plist */,
			);
			path = restaurantDataPass;
			sourceTree = "<group>";
		};
/* End PBXGroup section */

/* Begin PBXNativeTarget section */
		17A3AB2224D51A8400B98F8C /* restaurantDataPass */ = {
			isa = PBXNativeTarget;
			buildConfigurationList = 17A3AB3724D51A8500B98F8C /* Build configuration list for PBXNativeTarget "restaurantDataPass" */;
			buildPhases = (
				17A3AB1F24D51A8400B98F8C /* Sources */,
				17A3AB2024D51A8400B98F8C /* Frameworks */,
				17A3AB2124D51A8400B98F8C /* Resources */,
			);
			buildRules = (
			);
			dependencies = (
			);
			name = restaurantDataPass;
			productName = restaurantDataPass;
			productReference = 17A3AB2324D51A8400B98F8C /* restaurantDataPass.app */;
			productType = "com.apple.product-type.application";
		};
/* End PBXNativeTarget section */

/* Begin PBXProject section */
		17A3AB1B24D51A8400B98F8C /* Project object */ = {
			isa = PBXProject;
			attributes = {
				LastSwiftUpdateCheck = 1160;
				LastUpgradeCheck = 1160;
				ORGANIZATIONNAME = smirkiiiv;
				TargetAttributes = {
					17A3AB2224D51A8400B98F8C = {
						CreatedOnToolsVersion = 11.6;
					};
				};
			};
			buildConfigurationList = 17A3AB1E24D51A8400B98F8C /* Build configuration list for PBXProject "restaurantDataPass" */;
			compatibilityVersion = "Xcode 9.3";
			developmentRegion = en;
			hasScannedForEncodings = 0;
			knownRegions = (
				en,
				Base,
			);
			mainGroup = 17A3AB1A24D51A8400B98F8C;
			productRefGroup = 17A3AB2424D51A8400B98F8C /* Products */;
			projectDirPath = "";
			projectRoot = "";
			targets = (
				17A3AB2224D51A8400B98F8C /* restaurantDataPass */,
			);
		};
/* End PBXProject section */

/* Begin PBXResourcesBuildPhase section */
		17A3AB2124D51A8400B98F8C /* Resources */ = {
			isa = PBXResourcesBuildPhase;
			buildActionMask = 2147483647;
			files = (
				17A3AB3324D51A8500B98F8C /* LaunchScreen.storyboard in Resources */,
				17A3AB3024D51A8500B98F8C /* Assets.xcassets in Resources */,
				17A3AB2E24D51A8400B98F8C /* Main.storyboard in Resources */,
			);
			runOnlyForDeploymentPostprocessing = 0;
		};
/* End PBXResourcesBuildPhase section */

/* Begin PBXSourcesBuildPhase section */
		17A3AB1F24D51A8400B98F8C /* Sources */ = {
			isa = PBXSourcesBuildPhase;
			buildActionMask = 2147483647;
			files = (
				17A3AB3B24D51AB500B98F8C /* File.swift in Sources */,
				17A3AB4324D5ABE800B98F8C /* menuDisplay.swift in Sources */,
				17A3AB2724D51A8400B98F8C /* AppDelegate.swift in Sources */,
				17A3AB2924D51A8400B98F8C /* SceneDelegate.swift in Sources */,
				17A3AB4124D52BAD00B98F8C /* menuTable.swift in Sources */,
			);
			runOnlyForDeploymentPostprocessing = 0;
		};
/* End PBXSourcesBuildPhase section */

/* Begin PBXVariantGroup section */
		17A3AB2C24D51A8400B98F8C /* Main.storyboard */ = {
			isa = PBXVariantGroup;
			children = (
				17A3AB2D24D51A8400B98F8C /* Base */,
			);
			name = Main.storyboard;
			sourceTree = "<group>";
		};
		17A3AB3124D51A8500B98F8C /* LaunchScreen.storyboard */ = {
			isa = PBXVariantGroup;
			children = (
				17A3AB3224D51A8500B98F8C /* Base */,
			);
			name = LaunchScreen.storyboard;
			sourceTree = "<group>";
		};
/* End PBXVariantGroup section */

/* Begin XCBuildConfiguration section */
		17A3AB3524D51A8500B98F8C /* Debug */ = {
			isa = XCBuildConfiguration;
			buildSettings = {
				ALWAYS_SEARCH_USER_PATHS = NO;
				CLANG_ANALYZER_NONNULL = YES;
				CLANG_ANALYZER_NUMBER_OBJECT_CONVERSION = YES_AGGRESSIVE;
				CLANG_CXX_LANGUAGE_STANDARD = "gnu++14";
				CLANG_CXX_LIBRARY = "libc++";
				CLANG_ENABLE_MODULES = YES;
				CLANG_ENABLE_OBJC_ARC = YES;
				CLANG_ENABLE_OBJC_WEAK = YES;
				CLANG_WARN_BLOCK_CAPTURE_AUTORELEASING = YES;
				CLANG_WARN_BOOL_CONVERSION = YES;
				CLANG_WARN_COMMA = YES;
				CLANG_WARN_CONSTANT_CONVERSION = YES;
				CLANG_WARN_DEPRECATED_OBJC_IMPLEMENTATIONS = YES;
				CLANG_WARN_DIRECT_OBJC_ISA_USAGE = YES_ERROR;
				CLANG_WARN_DOCUMENTATION_COMMENTS = YES;
				CLANG_WARN_EMPTY_BODY = YES;
				CLANG_WARN_ENUM_CONVERSION = YES;
				CLANG_WARN_INFINITE_RECURSION = YES;
				CLANG_WARN_INT_CONVERSION = YES;
				CLANG_WARN_NON_LITERAL_NULL_CONVERSION = YES;
				CLANG_WARN_OBJC_IMPLICIT_RETAIN_SELF = YES;
				CLANG_WARN_OBJC_LITERAL_CONVERSION = YES;
				CLANG_WARN_OBJC_ROOT_CLASS = YES_ERROR;
				CLANG_WARN_RANGE_LOOP_ANALYSIS = YES;
				CLANG_WARN_STRICT_PROTOTYPES = YES;
				CLANG_WARN_SUSPICIOUS_MOVE = YES;
				CLANG_WARN_UNGUARDED_AVAILABILITY = YES_AGGRESSIVE;
				CLANG_WARN_UNREACHABLE_CODE = YES;
				CLANG_WARN__DUPLICATE_METHOD_MATCH = YES;
				COPY_PHASE_STRIP = NO;
				DEBUG_INFORMATION_FORMAT = dwarf;
				ENABLE_STRICT_OBJC_MSGSEND = YES;
				ENABLE_TESTABILITY = YES;
				GCC_C_LANGUAGE_STANDARD = gnu11;
				GCC_DYNAMIC_NO_PIC = NO;
				GCC_NO_COMMON_BLOCKS = YES;
				GCC_OPTIMIZATION_LEVEL = 0;
				GCC_PREPROCESSOR_DEFINITIONS = (
					"DEBUG=1",
					"$(inherited)",
				);
				GCC_WARN_64_TO_32_BIT_CONVERSION = YES;
				GCC_WARN_ABOUT_RETURN_TYPE = YES_ERROR;
				GCC_WARN_UNDECLARED_SELECTOR = YES;
				GCC_WARN_UNINITIALIZED_AUTOS = YES_AGGRESSIVE;
				GCC_WARN_UNUSED_FUNCTION = YES;
				GCC_WARN_UNUSED_VARIABLE = YES;
				IPHONEOS_DEPLOYMENT_TARGET = 13.6;
				MTL_ENABLE_DEBUG_INFO = INCLUDE_SOURCE;
				MTL_FAST_MATH = YES;
				ONLY_ACTIVE_ARCH = YES;
				SDKROOT = iphoneos;
				SWIFT_ACTIVE_COMPILATION_CONDITIONS = DEBUG;
				SWIFT_OPTIMIZATION_LEVEL = "-Onone";
			};
			name = Debug;
		};
		17A3AB3624D51A8500B98F8C /* Release */ = {
			isa = XCBuildConfiguration;
			buildSettings = {
				ALWAYS_SEARCH_USER_PATHS = NO;
				CLANG_ANALYZER_NONNULL = YES;
				CLANG_ANALYZER_NUMBER_OBJECT_CONVERSION = YES_AGGRESSIVE;
				CLANG_CXX_LANGUAGE_STANDARD = "gnu++14";
				CLANG_CXX_LIBRARY = "libc++";
				CLANG_ENABLE_MODULES = YES;
				CLANG_ENABLE_OBJC_ARC = YES;
				CLANG_ENABLE_OBJC_WEAK = YES;
				CLANG_WARN_BLOCK_CAPTURE_AUTORELEASING = YES;
				CLANG_WARN_BOOL_CONVERSION = YES;
				CLANG_WARN_COMMA = YES;
				CLANG_WARN_CONSTANT_CONVERSION = YES;
				CLANG_WARN_DEPRECATED_OBJC_IMPLEMENTATIONS = YES;
				CLANG_WARN_DIRECT_OBJC_ISA_USAGE = YES_ERROR;
				CLANG_WARN_DOCUMENTATION_COMMENTS = YES;
				CLANG_WARN_EMPTY_BODY = YES;
				CLANG_WARN_ENUM_CONVERSION = YES;
				CLANG_WARN_INFINITE_RECURSION = YES;
				CLANG_WARN_INT_CONVERSION = YES;
				CLANG_WARN_NON_LITERAL_NULL_CONVERSION = YES;
				CLANG_WARN_OBJC_IMPLICIT_RETAIN_SELF = YES;
				CLANG_WARN_OBJC_LITERAL_CONVERSION = YES;
				CLANG_WARN_OBJC_ROOT_CLASS = YES_ERROR;
				CLANG_WARN_RANGE_LOOP_ANALYSIS = YES;
				CLANG_WARN_STRICT_PROTOTYPES = YES;
				CLANG_WARN_SUSPICIOUS_MOVE = YES;
				CLANG_WARN_UNGUARDED_AVAILABILITY = YES_AGGRESSIVE;
				CLANG_WARN_UNREACHABLE_CODE = YES;
				CLANG_WARN__DUPLICATE_METHOD_MATCH = YES;
				COPY_PHASE_STRIP = NO;
				DEBUG_INFORMATION_FORMAT = "dwarf-with-dsym";
				ENABLE_NS_ASSERTIONS = NO;
				ENABLE_STRICT_OBJC_MSGSEND = YES;
				GCC_C_LANGUAGE_STANDARD = gnu11;
				GCC_NO_COMMON_BLOCKS = YES;
				GCC_WARN_64_TO_32_BIT_CONVERSION = YES;
				GCC_WARN_ABOUT_RETURN_TYPE = YES_ERROR;
				GCC_WARN_UNDECLARED_SELECTOR = YES;
				GCC_WARN_UNINITIALIZED_AUTOS = YES_AGGRESSIVE;
				GCC_WARN_UNUSED_FUNCTION = YES;
				GCC_WARN_UNUSED_VARIABLE = YES;
				IPHONEOS_DEPLOYMENT_TARGET = 13.6;
				MTL_ENABLE_DEBUG_INFO = NO;
				MTL_FAST_MATH = YES;
				SDKROOT = iphoneos;
				SWIFT_COMPILATION_MODE = wholemodule;
				SWIFT_OPTIMIZATION_LEVEL = "-O";
				VALIDATE_PRODUCT = YES;
			};
			name = Release;
		};
		17A3AB3824D51A8500B98F8C /* Debug */ = {
			isa = XCBuildConfiguration;
			buildSettings = {
				ASSETCATALOG_COMPILER_APPICON_NAME = AppIcon;
				CODE_SIGN_STYLE = Automatic;
				DEVELOPMENT_TEAM = B58WWRW5W2;
				INFOPLIST_FILE = restaurantDataPass/Info.plist;
				LD_RUNPATH_SEARCH_PATHS = (
					"$(inherited)",
					"@executable_path/Frameworks",
				);
				PRODUCT_BUNDLE_IDENTIFIER = smirkiiivAndy.restaurantDataPass;
				PRODUCT_NAME = "$(TARGET_NAME)";
				SWIFT_VERSION = 5.0;
				TARGETED_DEVICE_FAMILY = "1,2";
			};
			name = Debug;
		};
		17A3AB3924D51A8500B98F8C /* Release */ = {
			isa = XCBuildConfiguration;
			buildSettings = {
				ASSETCATALOG_COMPILER_APPICON_NAME = AppIcon;
				CODE_SIGN_STYLE = Automatic;
				DEVELOPMENT_TEAM = B58WWRW5W2;
				INFOPLIST_FILE = restaurantDataPass/Info.plist;
				LD_RUNPATH_SEARCH_PATHS = (
					"$(inherited)",
					"@executable_path/Frameworks",
				);
				PRODUCT_BUNDLE_IDENTIFIER = smirkiiivAndy.restaurantDataPass;
				PRODUCT_NAME = "$(TARGET_NAME)";
				SWIFT_VERSION = 5.0;
				TARGETED_DEVICE_FAMILY = "1,2";
			};
			name = Release;
		};
/* End XCBuildConfiguration section */

/* Begin XCConfigurationList section */
		17A3AB1E24D51A8400B98F8C /* Build configuration list for PBXProject "restaurantDataPass" */ = {
			isa = XCConfigurationList;
			buildConfigurations = (
				17A3AB3524D51A8500B98F8C /* Debug */,
				17A3AB3624D51A8500B98F8C /* Release */,
			);
			defaultConfigurationIsVisible = 0;
			defaultConfigurationName = Release;
		};
		17A3AB3724D51A8500B98F8C /* Build configuration list for PBXNativeTarget "restaurantDataPass" */ = {
			isa = XCConfigurationList;
			buildConfigurations = (
				17A3AB3824D51A8500B98F8C /* Debug */,
				17A3AB3924D51A8500B98F8C /* Release */,
			);
			defaultConfigurationIsVisible = 0;
			defaultConfigurationName = Release;
		};
/* End XCConfigurationList section */
	};
	rootObject = 17A3AB1B24D51A8400B98F8C /* Project object */;
}
